
Microsoft Visual Studio Solution File, Format Version 12.00
# Visual Studio 15
VisualStudioVersion = 15.0.26730.16
MinimumVisualStudioVersion = 10.0.40219.1
Project("{2150E333-8FDC-42A3-9474-1A3956D46DE8}") = "src", "src", "{7D2E1178-389F-4203-82C7-3C161D859806}"
EndProject
Project("{2150E333-8FDC-42A3-9474-1A3956D46DE8}") = "test", "test", "{1B0400F3-824E-486F-A5EB-D59F4B95E647}"
EndProject
Project("{2150E333-8FDC-42A3-9474-1A3956D46DE8}") = "sample", "sample", "{F3E75E8B-1A2E-4365-8A02-08BF8F7F7596}"
EndProject
Project("{FAE04EC0-301F-11D3-BF4B-00C04F79EFBC}") = "WpfApp", "sample\WpfApp\WpfApp.csproj", "{D0449749-A571-495E-A393-9AA2F045A2D3}"
EndProject
Project("{FAE04EC0-301F-11D3-BF4B-00C04F79EFBC}") = "Hapoom.Windows", "src\Hapoom.Windows\Hapoom.Windows.csproj", "{0B28A559-F9AB-42EC-BD65-461F6358FFDE}"
EndProject
Project("{FAE04EC0-301F-11D3-BF4B-00C04F79EFBC}") = "Hapoom.Windows.Tests", "test\Hapoom.Windows.Tests\Hapoom.Windows.Tests.csproj", "{64B5A963-FC91-450F-B8EB-361556962641}"
EndProject
Global
	GlobalSection(SolutionConfigurationPlatforms) = preSolution
		Debug|Any CPU = Debug|Any CPU
		Release|Any CPU = Release|Any CPU
	EndGlobalSection
	GlobalSection(ProjectConfigurationPlatforms) = postSolution
		{D0449749-A571-495E-A393-9AA2F045A2D3}.Debug|Any CPU.ActiveCfg = Debug|Any CPU
		{D0449749-A571-495E-A393-9AA2F045A2D3}.Debug|Any CPU.Build.0 = Debug|Any CPU
		{D0449749-A571-495E-A393-9AA2F045A2D3}.Release|Any CPU.ActiveCfg = Release|Any CPU
		{D0449749-A571-495E-A393-9AA2F045A2D3}.Release|Any CPU.Build.0 = Release|Any CPU
		{0B28A559-F9AB-42EC-BD65-461F6358FFDE}.Debug|Any CPU.ActiveCfg = Debug|Any CPU
		{0B28A559-F9AB-42EC-BD65-461F6358FFDE}.Debug|Any CPU.Build.0 = Debug|Any CPU
		{0B28A559-F9AB-42EC-BD65-461F6358FFDE}.Release|Any CPU.ActiveCfg = Release|Any CPU
		{0B28A559-F9AB-42EC-BD65-461F6358FFDE}.Release|Any CPU.Build.0 = Release|Any CPU
		{64B5A963-FC91-450F-B8EB-361556962641}.Debug|Any CPU.ActiveCfg = Debug|Any CPU
		{64B5A963-FC91-450F-B8EB-361556962641}.Debug|Any CPU.Build.0 = Debug|Any CPU
		{64B5A963-FC91-450F-B8EB-361556962641}.Release|Any CPU.ActiveCfg = Release|Any CPU
		{64B5A963-FC91-450F-B8EB-361556962641}.Release|Any CPU.Build.0 = Release|Any CPU
	EndGlobalSection
	GlobalSection(SolutionProperties) = preSolution
		HideSolutionNode = FALSE
	EndGlobalSection
	GlobalSection(NestedProjects) = preSolution
		{D0449749-A571-495E-A393-9AA2F045A2D3} = {F3E75E8B-1A2E-4365-8A02-08BF8F7F7596}
		{0B28A559-F9AB-42EC-BD65-461F6358FFDE} = {7D2E1178-389F-4203-82C7-3C161D859806}
		{64B5A963-FC91-450F-B8EB-361556962641} = {1B0400F3-824E-486F-A5EB-D59F4B95E647}
	EndGlobalSection
	GlobalSection(ExtensibilityGlobals) = postSolution
		SolutionGuid = {D85CA5FC-AD49-4A2D-92A7-70ED9AC60B17}
	EndGlobalSection
EndGlobal
